<?xml version="1.0" encoding="UTF-8" standalone="yes" ?>
<CodeBlocks_project_file>
	<FileVersion major="1" minor="6" />
	<Project>
		<Option title="sport_egyesulet" />
		<Option pch_mode="2" />
		<Option compiler="gcc" />
		<Build>
			<Target title="Debug">
				<Option output="bin/Debug/sport_egyesulet" prefix_auto="1" extension_auto="1" />
				<Option object_output="obj/Debug/" />
				<Option type="1" />
				<Option compiler="gcc" />
				<Compiler>
					<Add option="-g" />
					<Add option="-DMEMTRACE" />
				</Compiler>
			</Target>
			<Target title="Release">
				<Option output="bin/Release/sport_egyesulet" prefix_auto="1" extension_auto="1" />
				<Option object_output="obj/Release/" />
				<Option type="1" />
				<Option compiler="gcc" />
				<Compiler>
					<Add option="-O2" />
				</Compiler>
				<Linker>
					<Add option="-s" />
				</Linker>
			</Target>
		</Build>
		<Compiler>
			<Add option="-Wall" />
			<Add option="-fexceptions" />
		</Compiler>
		<Unit filename="egyesulet.cpp" />
		<Unit filename="egyesulet.h" />
		<Unit filename="egyesulet_test.cpp" />
		<Unit filename="egyesulet_test.h" />
		<Unit filename="gtest_lite.h" />
		<Unit filename="main.cpp" />
		<Unit filename="memtrace.cpp" />
		<Unit filename="memtrace.h" />
		<Unit filename="string.cpp" />
		<Unit filename="string.h" />
		<Unit filename="tarolo.cpp" />
		<Unit filename="tarolo.h" />
		<Unit filename="vezerles.cpp" />
		<Unit filename="vezerles.h" />
		<Extensions>
			<lib_finder disable_auto="1" />
		</Extensions>
	</Project>
</CodeBlocks_project_file>
